
Microsoft Visual Studio Solution File, Format Version 12.00
# Visual Studio 15
VisualStudioVersion = 15.0.28307.902
MinimumVisualStudioVersion = 10.0.40219.1
Project("{8BC9CEB8-8B4A-11D0-8D11-00A0C91BC942}") = "FIFO new", "FIFO new\FIFO new.vcxproj", "{01BFEDFD-E855-44C8-A5B8-F5AB96E33685}"
EndProject
Global
	GlobalSection(SolutionConfigurationPlatforms) = preSolution
		Debug|x64 = Debug|x64
		Debug|x86 = Debug|x86
		Release|x64 = Release|x64
		Release|x86 = Release|x86
	EndGlobalSection
	GlobalSection(ProjectConfigurationPlatforms) = postSolution
		{01BFEDFD-E855-44C8-A5B8-F5AB96E33685}.Debug|x64.ActiveCfg = Debug|x64
		{01BFEDFD-E855-44C8-A5B8-F5AB96E33685}.Debug|x64.Build.0 = Debug|x64
		{01BFEDFD-E855-44C8-A5B8-F5AB96E33685}.Debug|x86.ActiveCfg = Debug|Win32
		{01BFEDFD-E855-44C8-A5B8-F5AB96E33685}.Debug|x86.Build.0 = Debug|Win32
		{01BFEDFD-E855-44C8-A5B8-F5AB96E33685}.Release|x64.ActiveCfg = Release|x64
		{01BFEDFD-E855-44C8-A5B8-F5AB96E33685}.Release|x64.Build.0 = Release|x64
		{01BFEDFD-E855-44C8-A5B8-F5AB96E33685}.Release|x86.ActiveCfg = Release|Win32
		{01BFEDFD-E855-44C8-A5B8-F5AB96E33685}.Release|x86.Build.0 = Release|Win32
	EndGlobalSection
	GlobalSection(SolutionProperties) = preSolution
		HideSolutionNode = FALSE
	EndGlobalSection
	GlobalSection(ExtensibilityGlobals) = postSolution
		SolutionGuid = {11CDD126-8DF8-44F1-84EF-B46158E10043}
	EndGlobalSection
EndGlobal
